Microsoft Visual Studio Solution File, Format Version 12.00
# Visual Studio Version 17
VisualStudioVersion = 17.5.2.0
MinimumVisualStudioVersion = 10.0.40219.1
Project("{FAE04EC0-301F-11D3-BF4B-00C04F79EFBC}") = "JokeWebApp", "JokeWebApp\JokeWebApp.csproj", "{22075AB3-3798-2FB3-5863-C32329A1CBDF}"
EndProject
Global
	GlobalSection(SolutionConfigurationPlatforms) = preSolution
		Debug|Any CPU = Debug|Any CPU
		Release|Any CPU = Release|Any CPU
	EndGlobalSection
	GlobalSection(ProjectConfigurationPlatforms) = postSolution
		{22075AB3-3798-2FB3-5863-C32329A1CBDF}.Debug|Any CPU.ActiveCfg = Debug|Any CPU
		{22075AB3-3798-2FB3-5863-C32329A1CBDF}.Debug|Any CPU.Build.0 = Debug|Any CPU
		{22075AB3-3798-2FB3-5863-C32329A1CBDF}.Release|Any CPU.ActiveCfg = Release|Any CPU
		{22075AB3-3798-2FB3-5863-C32329A1CBDF}.Release|Any CPU.Build.0 = Release|Any CPU
	EndGlobalSection
	GlobalSection(SolutionProperties) = preSolution
		HideSolutionNode = FALSE
	EndGlobalSection
	GlobalSection(ExtensibilityGlobals) = postSolution
		SolutionGuid = {C4B6391D-2B4C-476E-BAE1-F989C3E1AA2A}
	EndGlobalSection
EndGlobal
